# This file is autogenerated, do not edit; changes may be undone by the next 'dep ensure'.


[[projects]]
  digest = "1:289dd4d7abfb3ad2b5f728fbe9b1d5c1bf7d265a3eb9ef92869af1f7baba4c7a"
  name = "github.com/BurntSushi/toml"
  packages = ["."]
  pruneopts = ""
  revision = "b26d9c308763d68093482582cea63d69be07a0f0"
  version = "v0.3.0"

[[projects]]
  branch = "master"
  digest = "1:309f5ca6a771d650ea161c65439d3e79c34576f337f1427642fae462f54a0561"
  name = "github.com/Joker/jade"
  packages = ["."]
  pruneopts = ""
  revision = "8828253bfc54f2f91aaef5f32b44a244b0a98e4f"

[[projects]]
  branch = "master"
  digest = "1:104ec7476f33d7dcffbeecc9c7b84cb199f4f9e4f72787f3a2620711e6a6e65b"
  name = "github.com/Shopify/goreferrer"
  packages = ["."]
  pruneopts = ""
  revision = "b9777dc9f9cc3f3e426a01d218ddd6d52153f907"

[[projects]]
  digest = "1:9ceecb4271682fd824475d451b6abf02b99ad04e72f8de3408a9d8b7fd15b933"
  name = "github.com/ajg/form"
  packages = ["."]
  pruneopts = ""
  revision = "cc2954064ec9ea8d93917f0f87456e11d7b881ad"
  version = "v1.5"

[[projects]]
  branch = "master"
  digest = "1:a74730e052a45a3fab1d310fdef2ec17ae3d6af16228421e238320846f2aaec8"
  name = "github.com/alecthomas/template"
  packages = [
    ".",
    "parse",
  ]
  pruneopts = ""
  revision = "a0175ee3bccc567396460bf5acd36800cb10c49c"

[[projects]]
  branch = "master"
  digest = "1:8483994d21404c8a1d489f6be756e25bfccd3b45d65821f25695577791a08e68"
  name = "github.com/alecthomas/units"
  packages = ["."]
  pruneopts = ""
  revision = "2efee857e7cfd4f3d0138cc3cbb1b4966962b93a"

[[projects]]
  branch = "master"
  digest = "1:99f14851fd6398cd07591c329475ecaf48752bc7034d325f53beeca0ff00a1e8"
  name = "github.com/aymerick/raymond"
  packages = [
    ".",
    "ast",
    "lexer",
    "parser",
  ]
  pruneopts = ""
  revision = "b565731e1464263de0bda75f2e45d97b54b60110"

[[projects]]
  digest = "1:56c130d885a4aacae1dd9c7b71cfe39912c7ebc1ff7d2b46083c8812996dc43b"
  name = "github.com/davecgh/go-spew"
  packages = ["spew"]
  pruneopts = ""
  revision = "346938d642f2ec3594ed81d874461961cd0faa76"
  version = "v1.1.0"

[[projects]]
  digest = "1:6098222470fe0172157ce9bbef5d2200df4edde17ee649c5d6e48330e4afa4c6"
  name = "github.com/dgrijalva/jwt-go"
  packages = ["."]
  pruneopts = ""
  revision = "06ea1031745cb8b3dab3f6a236daf2b0aa468b7e"
  version = "v3.2.0"

[[projects]]
  branch = "master"
  digest = "1:f0cd82a11574a06f08e22bf3c2ba0c259f4c84f73d95d011d7024b78febe17e9"
  name = "github.com/eknkc/amber"
  packages = [
    ".",
    "parser",
  ]
  pruneopts = ""
  revision = "cdade1c073850f4ffc70a829e31235ea6892853b"

[[projects]]
  branch = "master"
  digest = "1:23a5efa4b272df86a8ebffc942f5e0c1aac4b750836037394cc450b6d91e241a"
  name = "github.com/fatih/camelcase"
  packages = ["."]
  pruneopts = ""
  revision = "44e46d280b43ec1531bb25252440e34f1b800b65"

[[projects]]
  digest = "1:55848e643a99a9dfceb19e090ce67111328fbb1780f34c62a0430994ff85fb90"
  name = "github.com/fatih/structs"
  packages = ["."]
  pruneopts = ""
  revision = "a720dfa8df582c51dee1b36feabb906bde1588bd"
  version = "v1.0"

[[projects]]
  branch = "master"
  digest = "1:eac60a8dcabdcccfe45f5e22aea3e9cc1e29687c974bd00dd16b53a95d48f970"
  name = "github.com/flosch/pongo2"
  packages = ["."]
  pruneopts = ""
  revision = "e7cf9ea5ca9c574f3fd5f83f7eed4a6162a67dea"

[[projects]]
  digest = "1:eb53021a8aa3f599d29c7102e65026242bdedce998a54837dc67f14b6a97c5fd"
  name = "github.com/fsnotify/fsnotify"
  packages = ["."]
  pruneopts = ""
  revision = "c2828203cd70a50dcccfb2761f8b1f8ceef9a8e9"
  version = "v1.4.7"

[[projects]]
  branch = "master"
  digest = "1:44e52e928b91a686e2b9518f7eea82ba729d227d94b69574416bbe2d9d418b33"
  name = "github.com/gavv/monotime"
  packages = ["."]
  pruneopts = ""
  revision = "6f8212e8d10df7383609d3c377ca08884d8f3ec0"

[[projects]]
  digest = "1:b13707423743d41665fd23f0c36b2f37bb49c30e94adb813319c44188a51ba22"
  name = "github.com/ghodss/yaml"
  packages = ["."]
  pruneopts = ""
  revision = "0ca9ea5df5451ffdf184b4428c902747c2c11cd7"
  version = "v1.0.0"

[[projects]]
  digest = "1:6e73003ecd35f4487a5e88270d3ca0a81bc80dc88053ac7e4dcfec5fba30d918"
  name = "github.com/gogo/protobuf"
  packages = [
    "proto",
    "sortkeys",
  ]
  pruneopts = ""
  revision = "636bf0302bc95575d69441b25a2603156ffdddf1"
  version = "v1.1.1"

[[projects]]
  branch = "master"
  digest = "1:107b233e45174dbab5b1324201d092ea9448e58243ab9f039e4c0f332e121e3a"
  name = "github.com/golang/glog"
  packages = ["."]
  pruneopts = ""
  revision = "23def4e6c14b4da8ac2ed8007337bc5eb5007998"

[[projects]]
  digest = "1:f958a1c137db276e52f0b50efee41a1a389dcdded59a69711f3e872757dab34b"
  name = "github.com/golang/protobuf"
  packages = [
    "proto",
    "protoc-gen-go/descriptor",
    "ptypes",
    "ptypes/any",
    "ptypes/duration",
    "ptypes/timestamp",
  ]
  pruneopts = ""
  revision = "b4deda0973fb4c70b50d226b1af49f3da59f5265"
  version = "v1.1.0"

[[projects]]
  branch = "master"
  digest = "1:9abc49f39e3e23e262594bb4fb70abf74c0c99e94f99153f43b143805e850719"
  name = "github.com/google/go-querystring"
  packages = ["query"]
  pruneopts = ""
  revision = "53e6ce116135b80d037921a7fdd5138cf32d7a8a"

[[projects]]
  branch = "master"
  digest = "1:754f77e9c839b24778a4b64422236d38515301d2baeb63113aa3edc42e6af692"
  name = "github.com/google/gofuzz"
  packages = ["."]
  pruneopts = ""
  revision = "24818f796faf91cd76ec7bddd72458fbced7a6c1"

[[projects]]
  digest = "1:16b2837c8b3cf045fa2cdc82af0cf78b19582701394484ae76b2c3bc3c99ad73"
  name = "github.com/googleapis/gnostic"
  packages = [
    "OpenAPIv2",
    "compiler",
    "extensions",
  ]
  pruneopts = ""
  revision = "7c663266750e7d82587642f65e60bc4083f1f84e"
  version = "v0.2.0"

[[projects]]
  branch = "master"
  digest = "1:94158926759c3333201f81eee5a21112f7ae9d000b4d6926455008c7ab3fb7fc"
  name = "github.com/hashicorp/go-version"
  packages = ["."]
  pruneopts = ""
  revision = "23480c0665776210b5fbbac6eaaee40e3e6a96b7"

[[projects]]
  branch = "master"
  digest = "1:9b7c5846d70f425d7fe279595e32a20994c6075e87be03b5c367ed07280877c5"
  name = "github.com/hashicorp/hcl"
  packages = [
    ".",
    "hcl/ast",
    "hcl/parser",
    "hcl/printer",
    "hcl/scanner",
    "hcl/strconv",
    "hcl/token",
    "json/parser",
    "json/scanner",
    "json/token",
  ]
  pruneopts = ""
  revision = "ef8a98b0bbce4a65b5aa4c368430a80ddc533168"

[[projects]]
  digest = "1:32e58b0655c39bf62e7e5f8dfaa8cbb21557c8a5b835a140666311a58959182c"
  name = "github.com/hidevopsio/hiboot"
  packages = [
    "pkg/app",
    "pkg/app/web",
    "pkg/factory",
    "pkg/factory/autoconfigure",
    "pkg/factory/instantiate",
    "pkg/inject",
    "pkg/log",
    "pkg/model",
    "pkg/starter/actuator",
    "pkg/starter/actuator/controller",
    "pkg/starter/grpc",
    "pkg/starter/jwt",
    "pkg/system",
    "pkg/utils/cmap",
    "pkg/utils/copier",
    "pkg/utils/gotest",
    "pkg/utils/io",
    "pkg/utils/mapstruct",
    "pkg/utils/reflector",
    "pkg/utils/replacer",
    "pkg/utils/str",
    "pkg/utils/validator",
  ]
  pruneopts = ""
  revision = "d1e56addd346af594f1298e697aae7f992f885ce"
  version = "v0.5.9"

[[projects]]
  digest = "1:42b57615af0fdbec11e77416a3aa536a65fa15727ca1cec615a9ad79aa56a569"
  name = "github.com/hidevopsio/hioak"
  packages = [
    "pkg",
    "pkg/k8s",
    "pkg/openshift",
  ]
  pruneopts = ""
  revision = "6066ac69e0e03dc5e27a8e6e74d8daa0a1b7aca5"
  version = "v0.2.0"

[[projects]]
  branch = "master"
  digest = "1:f81c8d7354cc0c6340f2f7a48724ee6c2b3db3e918ecd441c985b4d2d97dd3e7"
  name = "github.com/howeyc/gopass"
  packages = ["."]
  pruneopts = ""
  revision = "bf9dde6d0d2c004a008c27aaee91170c786f6db8"

[[projects]]
  digest = "1:ea625f4c9123f980f6b008d387f812c9327ac1eb5bbcc4e55eff3566f2798e27"
  name = "github.com/imdario/mergo"
  packages = ["."]
  pruneopts = ""
  revision = "9d5f1277e9a8ed20c3684bda8fde67c05628518c"
  version = "v0.3.4"

[[projects]]
  digest = "1:788735d9cba7f51b7cc86e6c7ba7b40b0b7c7b374bf3a0b5fa7c929fa2af2da8"
  name = "github.com/imkira/go-interpol"
  packages = ["."]
  pruneopts = ""
  revision = "5accad8134979a6ac504d456a6c7f1c53da237ca"
  version = "v1.1.0"

[[projects]]
  branch = "master"
  digest = "1:be0e14e780a05a33d034ff3a33c385a383a028c84df710a95ec402062df025c3"
  name = "github.com/iris-contrib/formBinder"
  packages = ["."]
  pruneopts = ""
  revision = "ad9fb86c356f971f30319c40ddbdcf72129a2791"

[[projects]]
  branch = "v2"
  digest = "1:d4fec58ef1540ef89350bf22c25e013a9f9f57de12180d9067a1e25a5925d99b"
  name = "github.com/iris-contrib/go.uuid"
  packages = ["."]
  pruneopts = ""
  revision = "36e9d2ebbde5e3f13ab2e25625fd453271d6522e"

[[projects]]
  branch = "master"
  digest = "1:5f35bfd7932f3f7866d8a6efae3e57ee7862721065ef91abc657089e1193f1e2"
  name = "github.com/iris-contrib/httpexpect"
  packages = ["."]
  pruneopts = ""
  revision = "ebe99fcebbcedf6e7916320cce24c3e1832766ac"

[[projects]]
  branch = "master"
  digest = "1:f3e05c804e1c6e5928dbf5e20a9601fa0318af3812a0eb3559d2ef4533295eca"
  name = "github.com/iris-contrib/i18n"
  packages = ["."]
  pruneopts = ""
  revision = "987a633949d087ba52207b587792e8c67d65780b"

[[projects]]
  digest = "1:f1064ecd35df12618163959739adfbb78a2b54e130b96f4bda689afcc0b266ff"
  name = "github.com/iris-contrib/middleware"
  packages = ["jwt"]
  pruneopts = ""
  revision = "1060fbb0ce08a72c50c612e8e5bdc8076c28343d"
  version = "v10"

[[projects]]
  branch = "master"
  digest = "1:d0b151e4f07350afcca336335d5d3698e91ed95e9ffb54fe894806e8899590ef"
  name = "github.com/jinzhu/copier"
  packages = ["."]
  pruneopts = ""
  revision = "7e38e58719c33e0d44d585c4ab477a30f8cb82dd"

[[projects]]
  branch = "master"
  digest = "1:bef5c0708fa41d20f006269ab412dc0610b5a1463bca2b6c2dff7d6c2cd1e78c"
  name = "github.com/json-iterator/go"
  packages = ["."]
  pruneopts = ""
  revision = "2ddf6d758266fcb080a4f9e054b9f292c85e6798"

[[projects]]
  branch = "master"
  digest = "1:b38a66184fb38b517900ab365f43557ea7e4efe36f939e2fcb53ec0aa92b29c5"
  name = "github.com/juju/errors"
  packages = ["."]
  pruneopts = ""
  revision = "c7d06af17c68cd34c835053720b21f6549d9b0ee"

[[projects]]
  branch = "master"
  digest = "1:a32e506441fb6ca0e99f672cb41f605ce8e84e3b5757006025d161a5a7f85c3a"
  name = "github.com/kataras/golog"
  packages = ["."]
  pruneopts = ""
  revision = "03be101463868edc5a81f094fc68a5f6c1b5503a"

[[projects]]
  digest = "1:03c671494283c2cd57ad43f580f62d65b605f097c361bfc0e51ef06ce2c78e6a"
  name = "github.com/kataras/iris"
  packages = [
    ".",
    "cache",
    "cache/cfg",
    "cache/client",
    "cache/client/rule",
    "cache/entry",
    "cache/ruleset",
    "cache/uri",
    "context",
    "core/errors",
    "core/handlerconv",
    "core/host",
    "core/maintenance",
    "core/maintenance/version",
    "core/memstore",
    "core/netutil",
    "core/router",
    "core/router/macro",
    "core/router/macro/interpreter/ast",
    "core/router/macro/interpreter/lexer",
    "core/router/macro/interpreter/parser",
    "core/router/macro/interpreter/token",
    "core/router/node",
    "httptest",
    "middleware/i18n",
    "middleware/logger",
    "middleware/recover",
    "view",
  ]
  pruneopts = ""
  revision = "217d9feadc0fc5b317826a901065e0c4c27d3cad"
  version = "10.7.0"

[[projects]]
  branch = "master"
  digest = "1:47b3034a30f84da4b526e9d33c0fcaf281aacf788c358db52924ca912a016320"
  name = "github.com/kataras/pio"
  packages = [
    ".",
    "terminal",
  ]
  pruneopts = ""
  revision = "825e39f34365e7db2c9fbc3692c16220e3bd7418"

[[projects]]
  branch = "v2"
  digest = "1:59727a72d4645caaa6d79150a5597d31e776795fff1484fb8e0dc4f7e08f1fac"
  name = "github.com/kataras/survey"
  packages = [
    ".",
    "core",
    "terminal",
  ]
  pruneopts = ""
  revision = "00934ae069eda15df26fa427ac393e67e239380c"

[[projects]]
  branch = "master"
  digest = "1:7870e7bfe91627d6e48b54b8a310de009511fe71d10b8eb911e0c3bec98a8f86"
  name = "github.com/kevholditch/gokong"
  packages = ["."]
  pruneopts = ""
  revision = "ab1e75d5f714d02463d0fe72f8fa4be079136ad6"

[[projects]]
  digest = "1:f88f109221727324e11f6440b0b30434a75a3bb88d6bd6432d77268e45d4054f"
  name = "github.com/klauspost/compress"
  packages = [
    "flate",
    "gzip",
  ]
  pruneopts = ""
  revision = "6c8db69c4b49dd4df1fff66996cf556176d0b9bf"
  version = "v1.2.1"

[[projects]]
  digest = "1:f0117357f14b0a625ddbbe25e23637291ac0276402fcfd25fc447422456364ce"
  name = "github.com/klauspost/cpuid"
  packages = ["."]
  pruneopts = ""
  revision = "ae7887de9fa5d2db4eaa8174a7eff2c1ac00f2da"
  version = "v1.1"

[[projects]]
  digest = "1:d6d5d5846b6a1438e8d08cf6b19dff7d5133e81b10fad3b1b13ebbee81bb0498"
  name = "github.com/klauspost/crc32"
  packages = ["."]
  pruneopts = ""
  revision = "cb6bfca970f6908083f26f39a79009d608efd5cd"
  version = "v1.1"

[[projects]]
  digest = "1:d244eb7b2d8e9f4c9355d215d65159c176603874ba10bfb7cbe6dcbd212813f5"
  name = "github.com/magiconair/properties"
  packages = [
    ".",
    "assert",
  ]
  pruneopts = ""
  revision = "c3beff4c2358b44d0493c7dda585e7db7ff28ae6"
  version = "v1.7.6"

[[projects]]
  digest = "1:9ea83adf8e96d6304f394d40436f2eb44c1dc3250d223b74088cc253a6cd0a1c"
  name = "github.com/mattn/go-colorable"
  packages = ["."]
  pruneopts = ""
  revision = "167de6bfdfba052fa6b2d3664c8f5272e23c9072"
  version = "v0.0.9"

[[projects]]
  digest = "1:78229b46ddb7434f881390029bd1af7661294af31f6802e0e1bedaad4ab0af3c"
  name = "github.com/mattn/go-isatty"
  packages = ["."]
  pruneopts = ""
  revision = "0360b2af4f38e8d38c7fce2a9f4e702702d73a39"
  version = "v0.0.3"

[[projects]]
  branch = "master"
  digest = "1:50416da10e189bc201e122e20078fb8e680a439cbdd24aaece06c434b4415b60"
  name = "github.com/mgutz/ansi"
  packages = ["."]
  pruneopts = ""
  revision = "9520e82c474b0a04dd04f8a40959027271bab992"

[[projects]]
  branch = "master"
  digest = "1:8c194dffacf07296d030b389ae991bdea1be01415fda01decbad44fe0df3a1cb"
  name = "github.com/microcosm-cc/bluemonday"
  packages = ["."]
  pruneopts = ""
  revision = "995366fdf961d03629cd17361bddd32745718e2c"

[[projects]]
  branch = "master"
  digest = "1:59fa50d593e5673a0dfffa1852b66fd700c05b35e368680b4b89a68fdb2c1379"
  name = "github.com/mitchellh/mapstructure"
  packages = ["."]
  pruneopts = ""
  revision = "00c29f56e2386353d58c599509e8dc3801b0d716"

[[projects]]
  digest = "1:0c0ff2a89c1bb0d01887e1dac043ad7efbf3ec77482ef058ac423d13497e16fd"
  name = "github.com/modern-go/concurrent"
  packages = ["."]
  pruneopts = ""
  revision = "bacd9c7ef1dd9b15be4a9909b8ac7a4e313eec94"
  version = "1.0.3"

[[projects]]
  digest = "1:420f9231f816eeca3ff5aab070caac3ed7f27e4d37ded96ce9de3d7a7a2e31ad"
  name = "github.com/modern-go/reflect2"
  packages = ["."]
  pruneopts = ""
  revision = "1df9eeb2bb81f327b96228865c5687bc2194af3f"
  version = "1.0.0"

[[projects]]
  branch = "master"
  digest = "1:fe67641b990bdc1802f8a1e462a4924210a8762a8a17b72e09656049c906b871"
  name = "github.com/moul/http2curl"
  packages = ["."]
  pruneopts = ""
  revision = "9ac6cf4d929b2fa8fd2d2e6dec5bb0feb4f4911d"

[[projects]]
  digest = "1:8aeb4a73c41fd79a868943af3319dc9472172b21063deff6b4391872139f7728"
  name = "github.com/openshift/api"
  packages = [
    "apps/v1",
    "authorization/v1",
    "build/v1",
    "image/docker10",
    "image/dockerpre012",
    "image/v1",
    "oauth/v1",
    "pkg/serialization",
    "project/v1",
    "route/v1",
  ]
  pruneopts = ""
  revision = "0d921e363e951d89f583292c60d013c318df64dc"
  version = "v3.9.0"

[[projects]]
  digest = "1:7da30d36edabf50fb5bc07f759991589c5ca72e75b3dd50fa58c57d94e96fd15"
  name = "github.com/openshift/client-go"
  packages = [
    "apps/clientset/versioned",
    "apps/clientset/versioned/fake",
    "apps/clientset/versioned/scheme",
    "apps/clientset/versioned/typed/apps/v1",
    "apps/clientset/versioned/typed/apps/v1/fake",
    "authorization/clientset/versioned",
    "authorization/clientset/versioned/fake",
    "authorization/clientset/versioned/scheme",
    "authorization/clientset/versioned/typed/authorization/v1",
    "authorization/clientset/versioned/typed/authorization/v1/fake",
    "build/clientset/versioned",
    "build/clientset/versioned/fake",
    "build/clientset/versioned/scheme",
    "build/clientset/versioned/typed/build/v1",
    "build/clientset/versioned/typed/build/v1/fake",
    "image/clientset/versioned",
    "image/clientset/versioned/fake",
    "image/clientset/versioned/scheme",
    "image/clientset/versioned/typed/image/v1",
    "image/clientset/versioned/typed/image/v1/fake",
    "oauth/clientset/versioned",
    "oauth/clientset/versioned/fake",
    "oauth/clientset/versioned/scheme",
    "oauth/clientset/versioned/typed/oauth/v1",
    "oauth/clientset/versioned/typed/oauth/v1/fake",
    "project/clientset/versioned",
    "project/clientset/versioned/fake",
    "project/clientset/versioned/scheme",
    "project/clientset/versioned/typed/project/v1",
    "project/clientset/versioned/typed/project/v1/fake",
    "route/clientset/versioned",
    "route/clientset/versioned/fake",
    "route/clientset/versioned/scheme",
    "route/clientset/versioned/typed/route/v1",
    "route/clientset/versioned/typed/route/v1/fake",
  ]
  pruneopts = ""
  revision = "1fa528d3be060e4c7178eb69e76d37cf7e699e3c"
  version = "v3.9.0"

[[projects]]
  digest = "1:1d1d7cc9c374bc5bd1884d07705dbde6d2257de17f5f6504e4335e4d2b60a350"
  name = "github.com/parnurzeal/gorequest"
  packages = ["."]
  pruneopts = ""
  revision = "a578a48e8d6ca8b01a3b18314c43c6716bb5f5a3"
  version = "v0.2.15"

[[projects]]
  digest = "1:d60cfeee185019d4fcd35e8c89c83aff576e4723b6100300bf67b05be961388f"
  name = "github.com/pelletier/go-toml"
  packages = ["."]
  pruneopts = ""
  revision = "acdc4509485b587f5e675510c4f2c63e90ff68a8"
  version = "v1.1.0"

[[projects]]
  digest = "1:7365acd48986e205ccb8652cc746f09c8b7876030d53710ea6ef7d0bd0dcd7ca"
  name = "github.com/pkg/errors"
  packages = ["."]
  pruneopts = ""
  revision = "645ef00459ed84a119197bfb8d8205042c6df63d"
  version = "v0.8.0"

[[projects]]
  digest = "1:256484dbbcd271f9ecebc6795b2df8cad4c458dd0f5fd82a8c2fa0c29f233411"
  name = "github.com/pmezard/go-difflib"
  packages = ["difflib"]
  pruneopts = ""
  revision = "792786c7400a136282c1664665ae0a8db921c6c2"
  version = "v1.0.0"

[[projects]]
  branch = "master"
  digest = "1:f477ef7b65d94fb17574fc6548cef0c99a69c1634ea3b6da248b63a61ebe0498"
  name = "github.com/prometheus/common"
  packages = ["log"]
  pruneopts = ""
  revision = "c7de2306084e37d54b8be01f3541a8464345e9a5"

[[projects]]
  branch = "master"
  digest = "1:2903448f6b1b37cdbc167321530781fd9080abed0688b8ceedcaa2cc5ad95d9f"
  name = "github.com/ryanuber/columnize"
  packages = ["."]
  pruneopts = ""
  revision = "abc90934186a77966e2beeac62ed966aac0561d5"

[[projects]]
  digest = "1:3962f553b77bf6c03fc07cd687a22dd3b00fe11aa14d31194f5505f5bb65cdc8"
  name = "github.com/sergi/go-diff"
  packages = ["diffmatchpatch"]
  pruneopts = ""
  revision = "1744e2970ca51c86172c8190fadad617561ed6e7"
  version = "v1.0.0"

[[projects]]
  branch = "master"
  digest = "1:606fa779c7a80ab6a9ec5836cd12759f86cd6e1d82d5d60cf7ec5133e78c6cf8"
  name = "github.com/shurcooL/sanitized_anchor_name"
  packages = ["."]
  pruneopts = ""
  revision = "86672fcb3f950f35f2e675df2240550f2a50762f"

[[projects]]
  digest = "1:3fcbf733a8d810a21265a7f2fe08a3353db2407da052b233f8b204b5afc03d9b"
  name = "github.com/sirupsen/logrus"
  packages = ["."]
  pruneopts = ""
  revision = "3e01752db0189b9157070a0e1668a620f9a85da2"
  version = "v1.0.6"

[[projects]]
  digest = "1:d3e2e29bc7342053edc85e1ad751275694a96d58516f749cf3413db1a0eca2ba"
  name = "github.com/spf13/afero"
  packages = [
    ".",
    "mem",
  ]
  pruneopts = ""
  revision = "63644898a8da0bc22138abf860edaf5277b6102e"
  version = "v1.1.0"

[[projects]]
  digest = "1:d0b38ba6da419a6d4380700218eeec8623841d44a856bb57369c172fbf692ab4"
  name = "github.com/spf13/cast"
  packages = ["."]
  pruneopts = ""
  revision = "8965335b8c7107321228e3e3702cab9832751bac"
  version = "v1.2.0"

[[projects]]
  branch = "master"
  digest = "1:104517520aab91164020ab6524a5d6b7cafc641b2e42ac6236f6ac1deac4f66a"
  name = "github.com/spf13/jwalterweatherman"
  packages = ["."]
  pruneopts = ""
  revision = "7c0cea34c8ece3fbeb2b27ab9b59511d360fb394"

[[projects]]
  digest = "1:8e243c568f36b09031ec18dff5f7d2769dcf5ca4d624ea511c8e3197dc3d352d"
  name = "github.com/spf13/pflag"
  packages = ["."]
  pruneopts = ""
  revision = "583c0c0531f06d5278b7d917446061adc344b5cd"
  version = "v1.0.1"

[[projects]]
  digest = "1:3dab237cd3263a290d771d133fed777bb56c22e380b00ebe92e6531d5c8d3d0c"
  name = "github.com/spf13/viper"
  packages = ["."]
  pruneopts = ""
  revision = "b5e8006cbee93ec955a89ab31e0e3ce3204f3736"
  version = "v1.0.2"

[[projects]]
  digest = "1:a30066593578732a356dc7e5d7f78d69184ca65aeeff5939241a3ab10559bb06"
  name = "github.com/stretchr/testify"
  packages = [
    "assert",
    "require",
  ]
  pruneopts = ""
  revision = "12b6f73e6084dad08a7c6e575284b177ecafbc71"
  version = "v1.2.1"

[[projects]]
  branch = "f-api-v3"
  digest = "1:06d7106f15a3e5417597dc3c0897556c7b75219f7729ecfeeee0d443c2164669"
  name = "github.com/xanzy/go-gitlab"
  packages = ["."]
  pruneopts = ""
  revision = "896163fa8f7a8178ada89ef13f7a72e728f0c010"

[[projects]]
  branch = "master"
  digest = "1:e6338f2518362ff701a556bd76afd90a2168d1c658ec5d1ea1e9c5ef30a7d157"
  name = "github.com/xeipuuv/gojsonpointer"
  packages = ["."]
  pruneopts = ""
  revision = "4e3ac2762d5f479393488629ee9370b50873b3a6"

[[projects]]
  branch = "master"
  digest = "1:604f98a38394d2805a78c462396a4992b93fdd5b7306130add330f1a99ac6b0a"
  name = "github.com/xeipuuv/gojsonreference"
  packages = ["."]
  pruneopts = ""
  revision = "bd5ef7bd5415a7ac448318e64f11a24cd21e594b"

[[projects]]
  branch = "master"
  digest = "1:320e22e49019b299201321345e6e54a060c243c108567bb432a4f51b9171dad9"
  name = "github.com/xeipuuv/gojsonschema"
  packages = ["."]
  pruneopts = ""
  revision = "2c8e4be869c17540b336bab0ea18b8d73e6a28b7"

[[projects]]
  branch = "master"
  digest = "1:361dcdedb08c9eb8c500ab409cbe4c9cc184cd6c856add58741e29a8d14d4bcf"
  name = "github.com/yalp/jsonpath"
  packages = ["."]
  pruneopts = ""
  revision = "91a5860ab683d85ac38cbb7cb466a17a673b6ae5"

[[projects]]
  digest = "1:529ed3f98838f69e13761788d0cc71b44e130058fab13bae2ce09f7a176bced4"
  name = "github.com/yudai/gojsondiff"
  packages = [
    ".",
    "formatter",
  ]
  pruneopts = ""
  revision = "7b1b7adf999dab73a6eb02669c3d82dbb27a3dd6"
  version = "1.0.0"

[[projects]]
  branch = "master"
  digest = "1:9857bb2293f372b2181004d8b62179bbdb4ab0982ec6f762abe6cf2bfedaff85"
  name = "github.com/yudai/golcs"
  packages = ["."]
  pruneopts = ""
  revision = "ecda9a501e8220fae3b4b600c3db4b0ba22cfc68"

[[projects]]
  branch = "master"
  digest = "1:b22f8b0c8fe3c1da65d3b55bdb57ed154945ac186b93fe75a1df0e9e3a3348a6"
  name = "golang.org/x/crypto"
  packages = [
    "acme",
    "acme/autocert",
    "ssh/terminal",
  ]
  pruneopts = ""
  revision = "b49d69b5da943f7ef3c9cf91c8777c1f78a0cc3c"

[[projects]]
  branch = "master"
  digest = "1:80ec738f420f13c23460cc92cd893d3e403588c60682afebbd4515eca5e19578"
  name = "golang.org/x/net"
  packages = [
    "context",
    "html",
    "html/atom",
    "http/httpguts",
    "http2",
    "http2/hpack",
    "idna",
    "internal/timeseries",
    "lex/httplex",
    "publicsuffix",
    "trace",
  ]
  pruneopts = ""
  revision = "5f9ae10d9af5b1c89ae6904293b14b064d4ada23"

[[projects]]
  branch = "master"
  digest = "1:1bf671fbf8d4bab3788bf28737337f2161d232bdf2e4f19f733b557ff33ef657"
  name = "golang.org/x/sys"
  packages = [
    "unix",
    "windows",
    "windows/registry",
    "windows/svc/eventlog",
  ]
  pruneopts = ""
  revision = "cbbc999da32df943dac6cd71eb3ee39e1d7838b9"

[[projects]]
  digest = "1:5acd3512b047305d49e8763eef7ba423901e85d5dd2fd1e71778a0ea8de10bd4"
  name = "golang.org/x/text"
  packages = [
    "collate",
    "collate/build",
    "internal/colltab",
    "internal/gen",
    "internal/tag",
    "internal/triegen",
    "internal/ucd",
    "language",
    "secure/bidirule",
    "transform",
    "unicode/bidi",
    "unicode/cldr",
    "unicode/norm",
    "unicode/rangetable",
  ]
  pruneopts = ""
  revision = "f21a4dfb5e38f5895301dc265a8def02365cc3d0"
  version = "v0.3.0"

[[projects]]
  branch = "master"
  digest = "1:55a681cb66f28755765fa5fa5104cbd8dc85c55c02d206f9f89566451e3fe1aa"
  name = "golang.org/x/time"
  packages = ["rate"]
  pruneopts = ""
  revision = "fbb02b2291d28baffd63558aa44b4b56f178d650"

[[projects]]
  branch = "master"
  digest = "1:f28c699d6c99201ceba45e9fb48b8e9f0fe13a6514cbea46e40d81d0302c3cc4"
  name = "google.golang.org/genproto"
  packages = ["googleapis/rpc/status"]
  pruneopts = ""
  revision = "86e600f69ee4704c6efbf6a2a40a5c10700e76c2"

[[projects]]
  digest = "1:e5e4d08a5e43727ae54ea371823ce14b2d5b454536cfa7e6b08cc309a51d9fe5"
  name = "google.golang.org/grpc"
  packages = [
    ".",
    "balancer",
    "balancer/base",
    "balancer/roundrobin",
    "codes",
    "connectivity",
    "credentials",
    "encoding",
    "encoding/proto",
    "grpclb/grpc_lb_v1/messages",
    "grpclog",
    "internal",
    "keepalive",
    "metadata",
    "naming",
    "peer",
    "reflection",
    "reflection/grpc_reflection_v1alpha",
    "resolver",
    "resolver/dns",
    "resolver/passthrough",
    "stats",
    "status",
    "tap",
    "transport",
  ]
  pruneopts = ""
  revision = "d11072e7ca9811b1100b80ca0269ac831f06d024"
  version = "v1.11.3"

[[projects]]
  digest = "1:15d017551627c8bb091bde628215b2861bed128855343fdd570c62d08871f6e1"
  name = "gopkg.in/alecthomas/kingpin.v2"
  packages = ["."]
  pruneopts = ""
  revision = "947dcec5ba9c011838740e680966fd7087a71d0d"
  version = "v2.2.6"

[[projects]]
  digest = "1:dd549e360e5a8f982a28c2bcbe667307ceffe538ed9afc7c965524f1ac285b3f"
  name = "gopkg.in/go-playground/validator.v8"
  packages = ["."]
  pruneopts = ""
  revision = "5f1438d3fca68893a817e4a66806cea46a9e4ebf"
  version = "v8.18.2"

[[projects]]
  digest = "1:75fb3fcfc73a8c723efde7777b40e8e8ff9babf30d8c56160d01beffea8a95a6"
  name = "gopkg.in/inf.v0"
  packages = ["."]
  pruneopts = ""
  revision = "d2d2541c53f18d2a059457998ce2876cc8e67cbf"
  version = "v0.9.1"

[[projects]]
  digest = "1:f6d8770900622a855dbeda0aaefb536ad97bc30315e6647a02c4e2044f4a858f"
  name = "gopkg.in/ini.v1"
  packages = ["."]
  pruneopts = ""
  revision = "6529cf7c58879c08d927016dde4477f18a0634cb"
  version = "v1.36.0"

[[projects]]
  branch = "v2"
  digest = "1:a2350695e1b9aa35df8c16c54eb077003b44d176b0164472e30111ca2983358a"
  name = "gopkg.in/russross/blackfriday.v2"
  packages = ["."]
  pruneopts = ""
  revision = "3420fef03359a232d74c2ac1d237ac357cfca298"

[[projects]]
  branch = "v2"
  digest = "1:f0620375dd1f6251d9973b5f2596228cc8042e887cd7f827e4220bc1ce8c30e2"
  name = "gopkg.in/yaml.v2"
  packages = ["."]
  pruneopts = ""
  revision = "5420a8b6744d3b0345ab293f6fcba19c978f1183"

[[projects]]
  digest = "1:5beb32094452970c0d73a2bdacd79aa9cfaa4947a774d521c1bed4b4c2705f15"
  name = "k8s.io/api"
  packages = [
    "admissionregistration/v1alpha1",
    "admissionregistration/v1beta1",
    "apps/v1",
    "apps/v1beta1",
    "apps/v1beta2",
    "authentication/v1",
    "authentication/v1beta1",
    "authorization/v1",
    "authorization/v1beta1",
    "autoscaling/v1",
    "autoscaling/v2beta1",
    "batch/v1",
    "batch/v1beta1",
    "batch/v2alpha1",
    "certificates/v1beta1",
    "core/v1",
    "events/v1beta1",
    "extensions/v1beta1",
    "networking/v1",
    "policy/v1beta1",
    "rbac/v1",
    "rbac/v1alpha1",
    "rbac/v1beta1",
    "scheduling/v1alpha1",
    "settings/v1alpha1",
    "storage/v1",
    "storage/v1alpha1",
    "storage/v1beta1",
  ]
  pruneopts = ""
  revision = "8b7507fac302640dd5f1efbf9643199952cc58db"
  version = "kubernetes-1.10.4"

[[projects]]
  digest = "1:ddf1cbe17938e59f1f5d7caa57c03382a450fdc5c91e5852ff89802c8b27b459"
  name = "k8s.io/apimachinery"
  packages = [
    "pkg/api/errors",
    "pkg/api/meta",
    "pkg/api/resource",
    "pkg/apis/meta/v1",
    "pkg/apis/meta/v1/unstructured",
    "pkg/apis/meta/v1beta1",
    "pkg/conversion",
    "pkg/conversion/queryparams",
    "pkg/fields",
    "pkg/labels",
    "pkg/runtime",
    "pkg/runtime/schema",
    "pkg/runtime/serializer",
    "pkg/runtime/serializer/json",
    "pkg/runtime/serializer/protobuf",
    "pkg/runtime/serializer/recognizer",
    "pkg/runtime/serializer/streaming",
    "pkg/runtime/serializer/versioning",
    "pkg/selection",
    "pkg/types",
    "pkg/util/clock",
    "pkg/util/errors",
    "pkg/util/framer",
    "pkg/util/intstr",
    "pkg/util/json",
    "pkg/util/net",
    "pkg/util/runtime",
    "pkg/util/sets",
    "pkg/util/validation",
    "pkg/util/validation/field",
    "pkg/util/wait",
    "pkg/util/yaml",
    "pkg/version",
    "pkg/watch",
    "third_party/forked/golang/reflect",
  ]
  pruneopts = ""
  revision = "17529ec7eadb8de8e7dc835201455f53571f655a"
  version = "kubernetes-1.10.4"

[[projects]]
  digest = "1:071cc2f032b701b9dba26568e040940f26931a49e3a3985f3375f17f7f6d9c5f"
  name = "k8s.io/client-go"
  packages = [
    "discovery",
    "discovery/fake",
    "kubernetes",
    "kubernetes/fake",
    "kubernetes/scheme",
    "kubernetes/typed/admissionregistration/v1alpha1",
    "kubernetes/typed/admissionregistration/v1alpha1/fake",
    "kubernetes/typed/admissionregistration/v1beta1",
    "kubernetes/typed/admissionregistration/v1beta1/fake",
    "kubernetes/typed/apps/v1",
    "kubernetes/typed/apps/v1/fake",
    "kubernetes/typed/apps/v1beta1",
    "kubernetes/typed/apps/v1beta1/fake",
    "kubernetes/typed/apps/v1beta2",
    "kubernetes/typed/apps/v1beta2/fake",
    "kubernetes/typed/authentication/v1",
    "kubernetes/typed/authentication/v1/fake",
    "kubernetes/typed/authentication/v1beta1",
    "kubernetes/typed/authentication/v1beta1/fake",
    "kubernetes/typed/authorization/v1",
    "kubernetes/typed/authorization/v1/fake",
    "kubernetes/typed/authorization/v1beta1",
    "kubernetes/typed/authorization/v1beta1/fake",
    "kubernetes/typed/autoscaling/v1",
    "kubernetes/typed/autoscaling/v1/fake",
    "kubernetes/typed/autoscaling/v2beta1",
    "kubernetes/typed/autoscaling/v2beta1/fake",
    "kubernetes/typed/batch/v1",
    "kubernetes/typed/batch/v1/fake",
    "kubernetes/typed/batch/v1beta1",
    "kubernetes/typed/batch/v1beta1/fake",
    "kubernetes/typed/batch/v2alpha1",
    "kubernetes/typed/batch/v2alpha1/fake",
    "kubernetes/typed/certificates/v1beta1",
    "kubernetes/typed/certificates/v1beta1/fake",
    "kubernetes/typed/core/v1",
    "kubernetes/typed/core/v1/fake",
    "kubernetes/typed/events/v1beta1",
    "kubernetes/typed/events/v1beta1/fake",
    "kubernetes/typed/extensions/v1beta1",
    "kubernetes/typed/extensions/v1beta1/fake",
    "kubernetes/typed/networking/v1",
    "kubernetes/typed/networking/v1/fake",
    "kubernetes/typed/policy/v1beta1",
    "kubernetes/typed/policy/v1beta1/fake",
    "kubernetes/typed/rbac/v1",
    "kubernetes/typed/rbac/v1/fake",
    "kubernetes/typed/rbac/v1alpha1",
    "kubernetes/typed/rbac/v1alpha1/fake",
    "kubernetes/typed/rbac/v1beta1",
    "kubernetes/typed/rbac/v1beta1/fake",
    "kubernetes/typed/scheduling/v1alpha1",
    "kubernetes/typed/scheduling/v1alpha1/fake",
    "kubernetes/typed/settings/v1alpha1",
    "kubernetes/typed/settings/v1alpha1/fake",
    "kubernetes/typed/storage/v1",
    "kubernetes/typed/storage/v1/fake",
    "kubernetes/typed/storage/v1alpha1",
    "kubernetes/typed/storage/v1alpha1/fake",
    "kubernetes/typed/storage/v1beta1",
    "kubernetes/typed/storage/v1beta1/fake",
    "pkg/apis/clientauthentication",
    "pkg/apis/clientauthentication/v1alpha1",
    "pkg/version",
    "plugin/pkg/client/auth/exec",
    "rest",
    "rest/watch",
    "testing",
    "tools/auth",
    "tools/clientcmd",
    "tools/clientcmd/api",
    "tools/clientcmd/api/latest",
    "tools/clientcmd/api/v1",
    "tools/metrics",
    "tools/reference",
    "transport",
    "util/cert",
    "util/flowcontrol",
    "util/homedir",
    "util/integer",
  ]
  pruneopts = ""
  revision = "23781f4d6632d88e869066eaebb743857aa1ef9b"
  version = "v6.0.0"

[solve-meta]
  analyzer-name = "dep"
  analyzer-version = 1
  input-imports = [
    "github.com/golang/protobuf/proto",
    "github.com/hidevopsio/hiboot/pkg/app/web",
    "github.com/hidevopsio/hiboot/pkg/log",
    "github.com/hidevopsio/hiboot/pkg/model",
    "github.com/hidevopsio/hiboot/pkg/starter/actuator",
    "github.com/hidevopsio/hiboot/pkg/starter/grpc",
    "github.com/hidevopsio/hiboot/pkg/starter/jwt",
    "github.com/hidevopsio/hiboot/pkg/system",
    "github.com/hidevopsio/hiboot/pkg/utils/copier",
    "github.com/hidevopsio/hiboot/pkg/utils/gotest",
    "github.com/hidevopsio/hiboot/pkg/utils/io",
    "github.com/hidevopsio/hiboot/pkg/utils/replacer",
    "github.com/hidevopsio/hioak/pkg",
    "github.com/hidevopsio/hioak/pkg/k8s",
    "github.com/hidevopsio/hioak/pkg/openshift",
    "github.com/imdario/mergo",
    "github.com/jinzhu/copier",
    "github.com/kataras/iris/core/errors",
    "github.com/kevholditch/gokong",
    "github.com/magiconair/properties/assert",
    "github.com/openshift/api/authorization/v1",
    "github.com/prometheus/common/log",
    "github.com/stretchr/testify/assert",
    "github.com/xanzy/go-gitlab",
    "golang.org/x/net/context",
    "google.golang.org/grpc",
    "gopkg.in/yaml.v2",
    "k8s.io/api/core/v1",
    "k8s.io/apimachinery/pkg/apis/meta/v1",
  ]
  solver-name = "gps-cdcl"
  solver-version = 1
